
Microsoft Visual Studio Solution File, Format Version 12.00
# Visual Studio Version 17
VisualStudioVersion = 17.3.32929.385
MinimumVisualStudioVersion = 10.0.40219.1
Project("{FAE04EC0-301F-11D3-BF4B-00C04F79EFBC}") = "AgenciaDeViagens_MVC_Dot_Net", "AgenciaDeViagens_MVC_Dot_Net\AgenciaDeViagens_MVC_Dot_Net.csproj", "{ED227CAD-D88F-449B-A22F-F4A474D918D3}"
EndProject
Global
	GlobalSection(SolutionConfigurationPlatforms) = preSolution
		Debug|Any CPU = Debug|Any CPU
		Release|Any CPU = Release|Any CPU
	EndGlobalSection
	GlobalSection(ProjectConfigurationPlatforms) = postSolution
		{ED227CAD-D88F-449B-A22F-F4A474D918D3}.Debug|Any CPU.ActiveCfg = Debug|Any CPU
		{ED227CAD-D88F-449B-A22F-F4A474D918D3}.Debug|Any CPU.Build.0 = Debug|Any CPU
		{ED227CAD-D88F-449B-A22F-F4A474D918D3}.Release|Any CPU.ActiveCfg = Release|Any CPU
		{ED227CAD-D88F-449B-A22F-F4A474D918D3}.Release|Any CPU.Build.0 = Release|Any CPU
	EndGlobalSection
	GlobalSection(SolutionProperties) = preSolution
		HideSolutionNode = FALSE
	EndGlobalSection
	GlobalSection(ExtensibilityGlobals) = postSolution
		SolutionGuid = {C021D0D3-9994-4053-92B2-32DD8DD6F411}
	EndGlobalSection
EndGlobal
